lockfileVersion: '6.0'

settings:
  autoInstallPeers: true
  excludeLinksFromLockfile: false

dependencies:
  pixelmatch:
    specifier: ^5.3.0
    version: 5.3.0
  pngjs:
    specifier: ^7.0.0
    version: 7.0.0

devDependencies:
  '@types/node':
    specifier: ^22.10.2
    version: 22.10.2
  '@types/pixelmatch':
    specifier: ^5.2.6
    version: 5.2.6
  '@types/pngjs':
    specifier: ^6.0.5
    version: 6.0.5
  ssim.js:
    specifier: ^3.5.0
    version: 3.5.0

packages:

  /@types/node@22.10.2:
    resolution: {integrity: sha512-Xxr6BBRCAOQixvonOye19wnzyDiUtTeqldOOmj3CkeblonbccA12PFwlufvRdrpjXxqnmUaeiU5EOA+7s5diUQ==}
    dependencies:
      undici-types: 6.20.0
    dev: true

  /@types/pixelmatch@5.2.6:
    resolution: {integrity: sha512-wC83uexE5KGuUODn6zkm9gMzTwdY5L0chiK+VrKcDfEjzxh1uadlWTvOmAbCpnM9zx/Ww3f8uKlYQVnO/TrqVg==}
    dependencies:
      '@types/node': 22.10.2
    dev: true

  /@types/pngjs@6.0.5:
    resolution: {integrity: sha512-0k5eKfrA83JOZPppLtS2C7OUtyNAl2wKNxfyYl9Q5g9lPkgBl/9hNyAu6HuEH2J4XmIv2znEpkDd0SaZVxW6iQ==}
    dependencies:
      '@types/node': 22.10.2
    dev: true

  /pixelmatch@5.3.0:
    resolution: {integrity: sha512-o8mkY4E/+LNUf6LzX96ht6k6CEDi65k9G2rjMtBe9Oo+VPKSvl+0GKHuH/AlG+GA5LPG/i5hrekkxUc3s2HU+Q==}
    hasBin: true
    dependencies:
      pngjs: 6.0.0
    dev: false

  /pngjs@6.0.0:
    resolution: {integrity: sha512-TRzzuFRRmEoSW/p1KVAmiOgPco2Irlah+bGFCeNfJXxxYGwSw7YwAOAcd7X28K/m5bjBWKsC29KyoMfHbypayg==}
    engines: {node: '>=12.13.0'}
    dev: false

  /pngjs@7.0.0:
    resolution: {integrity: sha512-LKWqWJRhstyYo9pGvgor/ivk2w94eSjE3RGVuzLGlr3NmD8bf7RcYGze1mNdEHRP6TRP6rMuDHk5t44hnTRyow==}
    engines: {node: '>=14.19.0'}
    dev: false

  /ssim.js@3.5.0:
    resolution: {integrity: sha512-Aj6Jl2z6oDmgYFFbQqK7fght19bXdOxY7Tj03nF+03M9gCBAjeIiO8/PlEGMfKDwYpw4q6iBqVq2YuREorGg/g==}
    dev: true

  /undici-types@6.20.0:
    resolution: {integrity: sha512-Ny6QZ2Nju20vw1SRHe3d9jVu6gJ+4e3+MMpqu7pqE5HT6WsTSlce++GQmK5UXS8mzV8DSYHrQH+Xrf2jVcuKNg==}
    dev: true
